// !$*UTF8*$!
{
	archiveVersion = 1;
	classes = {
	};
	objectVersion = 50;
	objects = {

/* Begin PBXBuildFile section */
		FD78B8672452B50A00233E5A /* AppDelegate.swift in Sources */ = {isa = PBXBuildFile; fileRef = FD78B8662452B50A00233E5A /* AppDelegate.swift */; };
		FD78B8692452B50A00233E5A /* SceneDelegate.swift in Sources */ = {isa = PBXBuildFile; fileRef = FD78B8682452B50A00233E5A /* SceneDelegate.swift */; };
		FD78B86B2452B50A00233E5A /* ContentView.swift in Sources */ = {isa = PBXBuildFile; fileRef = FD78B86A2452B50A00233E5A /* ContentView.swift */; };
		FD78B86D2452B50F00233E5A /* Assets.xcassets in Resources */ = {isa = PBXBuildFile; fileRef = FD78B86C2452B50F00233E5A /* Assets.xcassets */; };
		FD78B8702452B50F00233E5A /* Preview Assets.xcassets in Resources */ = {isa = PBXBuildFile; fileRef = FD78B86F2452B50F00233E5A /* Preview Assets.xcassets */; };
		FD78B8732452B50F00233E5A /* LaunchScreen.storyboard in Resources */ = {isa = PBXBuildFile; fileRef = FD78B8712452B50F00233E5A /* LaunchScreen.storyboard */; };
		FDB5AD9924553C1600558816 /* Section2.swift in Sources */ = {isa = PBXBuildFile; fileRef = FDB5AD9824553C1600558816 /* Section2.swift */; };
		FDB5AD9B2456A02F00558816 /* Section3.swift in Sources */ = {isa = PBXBuildFile; fileRef = FDB5AD9A2456A02F00558816 /* Section3.swift */; };
		FDFCCD842457F248004BCBA8 /* Section4.swift in Sources */ = {isa = PBXBuildFile; fileRef = FDFCCD832457F248004BCBA8 /* Section4.swift */; };
		FDFCCD882457F2A5004BCBA8 /* PhotoData.swift in Sources */ = {isa = PBXBuildFile; fileRef = FDFCCD872457F2A5004BCBA8 /* PhotoData.swift */; };
		FDFCCD8C245A7870004BCBA8 /* RowView.swift in Sources */ = {isa = PBXBuildFile; fileRef = FDFCCD8B245A7870004BCBA8 /* RowView.swift */; };
/* End PBXBuildFile section */

/* Begin PBXFileReference section */
		FD78B8632452B50A00233E5A /* SwiftUITextbookChapter4.app */ = {isa = PBXFileReference; explicitFileType = wrapper.application; includeInIndex = 0; path = SwiftUITextbookChapter4.app; sourceTree = BUILT_PRODUCTS_DIR; };
		FD78B8662452B50A00233E5A /* AppDelegate.swift */ = {isa = PBXFileReference; lastKnownFileType = sourcecode.swift; path = AppDelegate.swift; sourceTree = "<group>"; };
		FD78B8682452B50A00233E5A /* SceneDelegate.swift */ = {isa = PBXFileReference; lastKnownFileType = sourcecode.swift; path = SceneDelegate.swift; sourceTree = "<group>"; };
		FD78B86A2452B50A00233E5A /* ContentView.swift */ = {isa = PBXFileReference; lastKnownFileType = sourcecode.swift; path = ContentView.swift; sourceTree = "<group>"; };
		FD78B86C2452B50F00233E5A /* Assets.xcassets */ = {isa = PBXFileReference; lastKnownFileType = folder.assetcatalog; path = Assets.xcassets; sourceTree = "<group>"; };
		FD78B86F2452B50F00233E5A /* Preview Assets.xcassets */ = {isa = PBXFileReference; lastKnownFileType = folder.assetcatalog; path = "Preview Assets.xcassets"; sourceTree = "<group>"; };
		FD78B8722452B50F00233E5A /* Base */ = {isa = PBXFileReference; lastKnownFileType = file.storyboard; name = Base; path = Base.lproj/LaunchScreen.storyboard; sourceTree = "<group>"; };
		FD78B8742452B50F00233E5A /* Info.plist */ = {isa = PBXFileReference; lastKnownFileType = text.plist.xml; path = Info.plist; sourceTree = "<group>"; };
		FDB5AD9824553C1600558816 /* Section2.swift */ = {isa = PBXFileReference; lastKnownFileType = sourcecode.swift; path = Section2.swift; sourceTree = "<group>"; };
		FDB5AD9A2456A02F00558816 /* Section3.swift */ = {isa = PBXFileReference; lastKnownFileType = sourcecode.swift; path = Section3.swift; sourceTree = "<group>"; };
		FDFCCD832457F248004BCBA8 /* Section4.swift */ = {isa = PBXFileReference; lastKnownFileType = sourcecode.swift; path = Section4.swift; sourceTree = "<group>"; };
		FDFCCD872457F2A5004BCBA8 /* PhotoData.swift */ = {isa = PBXFileReference; lastKnownFileType = sourcecode.swift; path = PhotoData.swift; sourceTree = "<group>"; };
		FDFCCD8B245A7870004BCBA8 /* RowView.swift */ = {isa = PBXFileReference; lastKnownFileType = sourcecode.swift; path = RowView.swift; sourceTree = "<group>"; };
/* End PBXFileReference section */

/* Begin PBXFrameworksBuildPhase section */
		FD78B8602452B50A00233E5A /* Frameworks */ = {
			isa = PBXFrameworksBuildPhase;
			buildActionMask = 2147483647;
			files = (
			);
			runOnlyForDeploymentPostprocessing = 0;
		};
/* End PBXFrameworksBuildPhase section */

/* Begin PBXGroup section */
		FD78B85A2452B50A00233E5A = {
			isa = PBXGroup;
			children = (
				FD78B8652452B50A00233E5A /* SwiftUITextbookChapter4 */,
				FD78B8642452B50A00233E5A /* Products */,
			);
			sourceTree = "<group>";
		};
		FD78B8642452B50A00233E5A /* Products */ = {
			isa = PBXGroup;
			children = (
				FD78B8632452B50A00233E5A /* SwiftUITextbookChapter4.app */,
			);
			name = Products;
			sourceTree = "<group>";
		};
		FD78B8652452B50A00233E5A /* SwiftUITextbookChapter4 */ = {
			isa = PBXGroup;
			children = (
				FD78B8662452B50A00233E5A /* AppDelegate.swift */,
				FD78B8682452B50A00233E5A /* SceneDelegate.swift */,
				FD78B86A2452B50A00233E5A /* ContentView.swift */,
				FDB5AD9824553C1600558816 /* Section2.swift */,
				FDB5AD9A2456A02F00558816 /* Section3.swift */,
				FDFCCD832457F248004BCBA8 /* Section4.swift */,
				FDFCCD8B245A7870004BCBA8 /* RowView.swift */,
				FDFCCD872457F2A5004BCBA8 /* PhotoData.swift */,
				FD78B86C2452B50F00233E5A /* Assets.xcassets */,
				FD78B8712452B50F00233E5A /* LaunchScreen.storyboard */,
				FD78B8742452B50F00233E5A /* Info.plist */,
				FD78B86E2452B50F00233E5A /* Preview Content */,
			);
			path = SwiftUITextbookChapter4;
			sourceTree = "<group>";
		};
		FD78B86E2452B50F00233E5A /* Preview Content */ = {
			isa = PBXGroup;
			children = (
				FD78B86F2452B50F00233E5A /* Preview Assets.xcassets */,
			);
			path = "Preview Content";
			sourceTree = "<group>";
		};
/* End PBXGroup section */

/* Begin PBXNativeTarget section */
		FD78B8622452B50A00233E5A /* SwiftUITextbookChapter4 */ = {
			isa = PBXNativeTarget;
			buildConfigurationList = FD78B8772452B50F00233E5A /* Build configuration list for PBXNativeTarget "SwiftUITextbookChapter4" */;
			buildPhases = (
				FD78B85F2452B50A00233E5A /* Sources */,
				FD78B8602452B50A00233E5A /* Frameworks */,
				FD78B8612452B50A00233E5A /* Resources */,
			);
			buildRules = (
			);
			dependencies = (
			);
			name = SwiftUITextbookChapter4;
			productName = SwiftUITextbookChapter4;
			productReference = FD78B8632452B50A00233E5A /* SwiftUITextbookChapter4.app */;
			productType = "com.apple.product-type.application";
		};
/* End PBXNativeTarget section */

/* Begin PBXProject section */
		FD78B85B2452B50A00233E5A /* Project object */ = {
			isa = PBXProject;
			attributes = {
				LastSwiftUpdateCheck = 1130;
				LastUpgradeCheck = 1130;
				ORGANIZATIONNAME = "Swift-beginners";
				TargetAttributes = {
					FD78B8622452B50A00233E5A = {
						CreatedOnToolsVersion = 11.3;
					};
				};
			};
			buildConfigurationList = FD78B85E2452B50A00233E5A /* Build configuration list for PBXProject "SwiftUITextbookChapter4" */;
			compatibilityVersion = "Xcode 9.3";
			developmentRegion = en;
			hasScannedForEncodings = 0;
			knownRegions = (
				en,
				Base,
			);
			mainGroup = FD78B85A2452B50A00233E5A;
			productRefGroup = FD78B8642452B50A00233E5A /* Products */;
			projectDirPath = "";
			projectRoot = "";
			targets = (
				FD78B8622452B50A00233E5A /* SwiftUITextbookChapter4 */,
			);
		};
/* End PBXProject section */

/* Begin PBXResourcesBuildPhase section */
		FD78B8612452B50A00233E5A /* Resources */ = {
			isa = PBXResourcesBuildPhase;
			buildActionMask = 2147483647;
			files = (
				FD78B8732452B50F00233E5A /* LaunchScreen.storyboard in Resources */,
				FD78B8702452B50F00233E5A /* Preview Assets.xcassets in Resources */,
				FD78B86D2452B50F00233E5A /* Assets.xcassets in Resources */,
			);
			runOnlyForDeploymentPostprocessing = 0;
		};
/* End PBXResourcesBuildPhase section */

/* Begin PBXSourcesBuildPhase section */
		FD78B85F2452B50A00233E5A /* Sources */ = {
			isa = PBXSourcesBuildPhase;
			buildActionMask = 2147483647;
			files = (
				FDB5AD9B2456A02F00558816 /* Section3.swift in Sources */,
				FD78B8672452B50A00233E5A /* AppDelegate.swift in Sources */,
				FD78B8692452B50A00233E5A /* SceneDelegate.swift in Sources */,
				FDFCCD8C245A7870004BCBA8 /* RowView.swift in Sources */,
				FDFCCD882457F2A5004BCBA8 /* PhotoData.swift in Sources */,
				FD78B86B2452B50A00233E5A /* ContentView.swift in Sources */,
				FDFCCD842457F248004BCBA8 /* Section4.swift in Sources */,
				FDB5AD9924553C1600558816 /* Section2.swift in Sources */,
			);
			runOnlyForDeploymentPostprocessing = 0;
		};
/* End PBXSourcesBuildPhase section */

/* Begin PBXVariantGroup section */
		FD78B8712452B50F00233E5A /* LaunchScreen.storyboard */ = {
			isa = PBXVariantGroup;
			children = (
				FD78B8722452B50F00233E5A /* Base */,
			);
			name = LaunchScreen.storyboard;
			sourceTree = "<group>";
		};
/* End PBXVariantGroup section */

/* Begin XCBuildConfiguration section */
		FD78B8752452B50F00233E5A /* Debug */ = {
			isa = XCBuildConfiguration;
			buildSettings = {
				ALWAYS_SEARCH_USER_PATHS = NO;
				CLANG_ANALYZER_NONNULL = YES;
				CLANG_ANALYZER_NUMBER_OBJECT_CONVERSION = YES_AGGRESSIVE;
				CLANG_CXX_LANGUAGE_STANDARD = "gnu++14";
				CLANG_CXX_LIBRARY = "libc++";
				CLANG_ENABLE_MODULES = YES;
				CLANG_ENABLE_OBJC_ARC = YES;
				CLANG_ENABLE_OBJC_WEAK = YES;
				CLANG_WARN_BLOCK_CAPTURE_AUTORELEASING = YES;
				CLANG_WARN_BOOL_CONVERSION = YES;
				CLANG_WARN_COMMA = YES;
				CLANG_WARN_CONSTANT_CONVERSION = YES;
				CLANG_WARN_DEPRECATED_OBJC_IMPLEMENTATIONS = YES;
				CLANG_WARN_DIRECT_OBJC_ISA_USAGE = YES_ERROR;
				CLANG_WARN_DOCUMENTATION_COMMENTS = YES;
				CLANG_WARN_EMPTY_BODY = YES;
				CLANG_WARN_ENUM_CONVERSION = YES;
				CLANG_WARN_INFINITE_RECURSION = YES;
				CLANG_WARN_INT_CONVERSION = YES;
				CLANG_WARN_NON_LITERAL_NULL_CONVERSION = YES;
				CLANG_WARN_OBJC_IMPLICIT_RETAIN_SELF = YES;
				CLANG_WARN_OBJC_LITERAL_CONVERSION = YES;
				CLANG_WARN_OBJC_ROOT_CLASS = YES_ERROR;
				CLANG_WARN_RANGE_LOOP_ANALYSIS = YES;
				CLANG_WARN_STRICT_PROTOTYPES = YES;
				CLANG_WARN_SUSPICIOUS_MOVE = YES;
				CLANG_WARN_UNGUARDED_AVAILABILITY = YES_AGGRESSIVE;
				CLANG_WARN_UNREACHABLE_CODE = YES;
				CLANG_WARN__DUPLICATE_METHOD_MATCH = YES;
				COPY_PHASE_STRIP = NO;
				DEBUG_INFORMATION_FORMAT = dwarf;
				ENABLE_STRICT_OBJC_MSGSEND = YES;
				ENABLE_TESTABILITY = YES;
				GCC_C_LANGUAGE_STANDARD = gnu11;
				GCC_DYNAMIC_NO_PIC = NO;
				GCC_NO_COMMON_BLOCKS = YES;
				GCC_OPTIMIZATION_LEVEL = 0;
				GCC_PREPROCESSOR_DEFINITIONS = (
					"DEBUG=1",
					"$(inherited)",
				);
				GCC_WARN_64_TO_32_BIT_CONVERSION = YES;
				GCC_WARN_ABOUT_RETURN_TYPE = YES_ERROR;
				GCC_WARN_UNDECLARED_SELECTOR = YES;
				GCC_WARN_UNINITIALIZED_AUTOS = YES_AGGRESSIVE;
				GCC_WARN_UNUSED_FUNCTION = YES;
				GCC_WARN_UNUSED_VARIABLE = YES;
				IPHONEOS_DEPLOYMENT_TARGET = 13.2;
				MTL_ENABLE_DEBUG_INFO = INCLUDE_SOURCE;
				MTL_FAST_MATH = YES;
				ONLY_ACTIVE_ARCH = YES;
				SDKROOT = iphoneos;
				SWIFT_ACTIVE_COMPILATION_CONDITIONS = DEBUG;
				SWIFT_OPTIMIZATION_LEVEL = "-Onone";
			};
			name = Debug;
		};
		FD78B8762452B50F00233E5A /* Release */ = {
			isa = XCBuildConfiguration;
			buildSettings = {
				ALWAYS_SEARCH_USER_PATHS = NO;
				CLANG_ANALYZER_NONNULL = YES;
				CLANG_ANALYZER_NUMBER_OBJECT_CONVERSION = YES_AGGRESSIVE;
				CLANG_CXX_LANGUAGE_STANDARD = "gnu++14";
				CLANG_CXX_LIBRARY = "libc++";
				CLANG_ENABLE_MODULES = YES;
				CLANG_ENABLE_OBJC_ARC = YES;
				CLANG_ENABLE_OBJC_WEAK = YES;
				CLANG_WARN_BLOCK_CAPTURE_AUTORELEASING = YES;
				CLANG_WARN_BOOL_CONVERSION = YES;
				CLANG_WARN_COMMA = YES;
				CLANG_WARN_CONSTANT_CONVERSION = YES;
				CLANG_WARN_DEPRECATED_OBJC_IMPLEMENTATIONS = YES;
				CLANG_WARN_DIRECT_OBJC_ISA_USAGE = YES_ERROR;
				CLANG_WARN_DOCUMENTATION_COMMENTS = YES;
				CLANG_WARN_EMPTY_BODY = YES;
				CLANG_WARN_ENUM_CONVERSION = YES;
				CLANG_WARN_INFINITE_RECURSION = YES;
				CLANG_WARN_INT_CONVERSION = YES;
				CLANG_WARN_NON_LITERAL_NULL_CONVERSION = YES;
				CLANG_WARN_OBJC_IMPLICIT_RETAIN_SELF = YES;
				CLANG_WARN_OBJC_LITERAL_CONVERSION = YES;
				CLANG_WARN_OBJC_ROOT_CLASS = YES_ERROR;
				CLANG_WARN_RANGE_LOOP_ANALYSIS = YES;
				CLANG_WARN_STRICT_PROTOTYPES = YES;
				CLANG_WARN_SUSPICIOUS_MOVE = YES;
				CLANG_WARN_UNGUARDED_AVAILABILITY = YES_AGGRESSIVE;
				CLANG_WARN_UNREACHABLE_CODE = YES;
				CLANG_WARN__DUPLICATE_METHOD_MATCH = YES;
				COPY_PHASE_STRIP = NO;
				DEBUG_INFORMATION_FORMAT = "dwarf-with-dsym";
				ENABLE_NS_ASSERTIONS = NO;
				ENABLE_STRICT_OBJC_MSGSEND = YES;
				GCC_C_LANGUAGE_STANDARD = gnu11;
				GCC_NO_COMMON_BLOCKS = YES;
				GCC_WARN_64_TO_32_BIT_CONVERSION = YES;
				GCC_WARN_ABOUT_RETURN_TYPE = YES_ERROR;
				GCC_WARN_UNDECLARED_SELECTOR = YES;
				GCC_WARN_UNINITIALIZED_AUTOS = YES_AGGRESSIVE;
				GCC_WARN_UNUSED_FUNCTION = YES;
				GCC_WARN_UNUSED_VARIABLE = YES;
				IPHONEOS_DEPLOYMENT_TARGET = 13.2;
				MTL_ENABLE_DEBUG_INFO = NO;
				MTL_FAST_MATH = YES;
				SDKROOT = iphoneos;
				SWIFT_COMPILATION_MODE = wholemodule;
				SWIFT_OPTIMIZATION_LEVEL = "-O";
				VALIDATE_PRODUCT = YES;
			};
			name = Release;
		};
		FD78B8782452B50F00233E5A /* Debug */ = {
			isa = XCBuildConfiguration;
			buildSettings = {
				ASSETCATALOG_COMPILER_APPICON_NAME = AppIcon;
				CODE_SIGN_STYLE = Automatic;
				DEVELOPMENT_ASSET_PATHS = "\"SwiftUITextbookChapter4/Preview Content\"";
				DEVELOPMENT_TEAM = 8DJ3WL36QU;
				ENABLE_PREVIEWS = YES;
				INFOPLIST_FILE = SwiftUITextbookChapter4/Info.plist;
				LD_RUNPATH_SEARCH_PATHS = (
					"$(inherited)",
					"@executable_path/Frameworks",
				);
				PRODUCT_BUNDLE_IDENTIFIER = "Swift-beginners2.SwiftUITextbookChapter4";
				PRODUCT_NAME = "$(TARGET_NAME)";
				SWIFT_VERSION = 5.0;
				TARGETED_DEVICE_FAMILY = "1,2";
			};
			name = Debug;
		};
		FD78B8792452B50F00233E5A /* Release */ = {
			isa = XCBuildConfiguration;
			buildSettings = {
				ASSETCATALOG_COMPILER_APPICON_NAME = AppIcon;
				CODE_SIGN_STYLE = Automatic;
				DEVELOPMENT_ASSET_PATHS = "\"SwiftUITextbookChapter4/Preview Content\"";
				DEVELOPMENT_TEAM = 8DJ3WL36QU;
				ENABLE_PREVIEWS = YES;
				INFOPLIST_FILE = SwiftUITextbookChapter4/Info.plist;
				LD_RUNPATH_SEARCH_PATHS = (
					"$(inherited)",
					"@executable_path/Frameworks",
				);
				PRODUCT_BUNDLE_IDENTIFIER = "Swift-beginners2.SwiftUITextbookChapter4";
				PRODUCT_NAME = "$(TARGET_NAME)";
				SWIFT_VERSION = 5.0;
				TARGETED_DEVICE_FAMILY = "1,2";
			};
			name = Release;
		};
/* End XCBuildConfiguration section */

/* Begin XCConfigurationList section */
		FD78B85E2452B50A00233E5A /* Build configuration list for PBXProject "SwiftUITextbookChapter4" */ = {
			isa = XCConfigurationList;
			buildConfigurations = (
				FD78B8752452B50F00233E5A /* Debug */,
				FD78B8762452B50F00233E5A /* Release */,
			);
			defaultConfigurationIsVisible = 0;
			defaultConfigurationName = Release;
		};
		FD78B8772452B50F00233E5A /* Build configuration list for PBXNativeTarget "SwiftUITextbookChapter4" */ = {
			isa = XCConfigurationList;
			buildConfigurations = (
				FD78B8782452B50F00233E5A /* Debug */,
				FD78B8792452B50F00233E5A /* Release */,
			);
			defaultConfigurationIsVisible = 0;
			defaultConfigurationName = Release;
		};
/* End XCConfigurationList section */
	};
	rootObject = FD78B85B2452B50A00233E5A /* Project object */;
}
